
Microsoft Visual Studio Solution File, Format Version 12.00
# Visual Studio Version 16
VisualStudioVersion = 16.0.809.3
MinimumVisualStudioVersion = 10.0.40219.1
Project("{FAE04EC0-301F-11D3-BF4B-00C04F79EFBC}") = "playlist-api", "playlist-api\playlist-api.csproj", "{6B042612-1D77-43AB-A457-82269CBFC4AD}"
EndProject
Global
	GlobalSection(SolutionConfigurationPlatforms) = preSolution
		Debug|Any CPU = Debug|Any CPU
		Release|Any CPU = Release|Any CPU
	EndGlobalSection
	GlobalSection(ProjectConfigurationPlatforms) = postSolution
		{6B042612-1D77-43AB-A457-82269CBFC4AD}.Debug|Any CPU.ActiveCfg = Debug|Any CPU
		{6B042612-1D77-43AB-A457-82269CBFC4AD}.Debug|Any CPU.Build.0 = Debug|Any CPU
		{6B042612-1D77-43AB-A457-82269CBFC4AD}.Release|Any CPU.ActiveCfg = Release|Any CPU
		{6B042612-1D77-43AB-A457-82269CBFC4AD}.Release|Any CPU.Build.0 = Release|Any CPU
	EndGlobalSection
	GlobalSection(SolutionProperties) = preSolution
		HideSolutionNode = FALSE
	EndGlobalSection
	GlobalSection(ExtensibilityGlobals) = postSolution
		SolutionGuid = {8FD799E6-D61B-4A01-A1D6-8C58A67CFD00}
	EndGlobalSection
EndGlobal
